// !$*UTF8*$!
{
	archiveVersion = 1;
	classes = {
	};
	objectVersion = 56;
	objects = {

/* Begin PBXBuildFile section */
		1F18C8A12C5679A3003972E3 /* Assets.xcassets in Resources */ = {isa = PBXBuildFile; fileRef = 901BF9842C29804B00C02FF9 /* Assets.xcassets */; };
		1F32F5852C84835300D851E6 /* WatchDancingMarker-Watch-App-Info.plist in Resources */ = {isa = PBXBuildFile; fileRef = 90A542372C6E1F0100B0F694 /* WatchDancingMarker-Watch-App-Info.plist */; };
		1F3EEBC92C8207F600926178 /* Mixpanel in Frameworks */ = {isa = PBXBuildFile; productRef = 1F3EEBC82C8207F600926178 /* Mixpanel */; };
		1F9385782DE228D50093725C /* Localizable.strings in Resources */ = {isa = PBXBuildFile; fileRef = 1F9385762DE228D50093725C /* Localizable.strings */; };
		1F9385792DE228D50093725C /* Localizable.strings in Resources */ = {isa = PBXBuildFile; fileRef = 1F9385762DE228D50093725C /* Localizable.strings */; };
		1FA08BAA2C8208B10082C266 /* Mixpanel in Frameworks */ = {isa = PBXBuildFile; productRef = 1FA08BA92C8208B10082C266 /* Mixpanel */; };
		1FA811862D533EC5004B4807 /* CommonButtonStyle.swift in Sources */ = {isa = PBXBuildFile; fileRef = 1FA811852D533EC5004B4807 /* CommonButtonStyle.swift */; };
		1FA811892D534029004B4807 /* MarkerResetAlert.swift in Sources */ = {isa = PBXBuildFile; fileRef = 1FA811882D534029004B4807 /* MarkerResetAlert.swift */; };
		5104B7F62C3D67F2008E10E8 /* Music.swift in Sources */ = {isa = PBXBuildFile; fileRef = 5104B7F52C3D67F2008E10E8 /* Music.swift */; };
		5104B7F82C3D6C3F008E10E8 /* Music.swift in Sources */ = {isa = PBXBuildFile; fileRef = 5104B7F52C3D67F2008E10E8 /* Music.swift */; };
		510D901A2CA2F1C0002E82CC /* WatchMarkerDetailView.swift in Sources */ = {isa = PBXBuildFile; fileRef = 510D90162CA2F1C0002E82CC /* WatchMarkerDetailView.swift */; };
		510D901C2CA2F1C0002E82CC /* WatchMarkerListView.swift in Sources */ = {isa = PBXBuildFile; fileRef = 510D90182CA2F1C0002E82CC /* WatchMarkerListView.swift */; };
		510D90212CA2F1C0002E82CC /* WatchPlayingMarkerView.swift in Sources */ = {isa = PBXBuildFile; fileRef = 510D901D2CA2F1C0002E82CC /* WatchPlayingMarkerView.swift */; };
		510D90222CA2F1C0002E82CC /* WatchPlayingSpeedView.swift in Sources */ = {isa = PBXBuildFile; fileRef = 510D901E2CA2F1C0002E82CC /* WatchPlayingSpeedView.swift */; };
		510D90232CA2F1C0002E82CC /* WatchPlayingView.swift in Sources */ = {isa = PBXBuildFile; fileRef = 510D901F2CA2F1C0002E82CC /* WatchPlayingView.swift */; };
		510D90262CA2F1C0002E82CC /* WatchMusicListView.swift in Sources */ = {isa = PBXBuildFile; fileRef = 510D90242CA2F1C0002E82CC /* WatchMusicListView.swift */; };
		510D902B2CA2F1C8002E82CC /* MusicEditView.swift in Sources */ = {isa = PBXBuildFile; fileRef = 510D90272CA2F1C8002E82CC /* MusicEditView.swift */; };
		510D902C2CA2F1C8002E82CC /* MusicListView.swift in Sources */ = {isa = PBXBuildFile; fileRef = 510D90282CA2F1C8002E82CC /* MusicListView.swift */; };
		510D902D2CA2F1C8002E82CC /* NowPlayingView.swift in Sources */ = {isa = PBXBuildFile; fileRef = 510D90292CA2F1C8002E82CC /* NowPlayingView.swift */; };
		510D90312CA2F1C8002E82CC /* PlayingView.swift in Sources */ = {isa = PBXBuildFile; fileRef = 510D902E2CA2F1C8002E82CC /* PlayingView.swift */; };
		510D90352CA2F1C8002E82CC /* ContentView.swift in Sources */ = {isa = PBXBuildFile; fileRef = 510D90332CA2F1C8002E82CC /* ContentView.swift */; };
		510FA4392E43AB2200287EAD /* WatchViewModel+Communication.swift in Sources */ = {isa = PBXBuildFile; fileRef = 510FA4382E43AB2200287EAD /* WatchViewModel+Communication.swift */; };
		510FA43B2E43AB3A00287EAD /* WatchViewModel+Data.swift in Sources */ = {isa = PBXBuildFile; fileRef = 510FA43A2E43AB3A00287EAD /* WatchViewModel+Data.swift */; };
		510FA43D2E43AB8E00287EAD /* WatchViewModel+Sync.swift in Sources */ = {isa = PBXBuildFile; fileRef = 510FA43C2E43AB8E00287EAD /* WatchViewModel+Sync.swift */; };
		510FA43F2E43ABB100287EAD /* WatchViewModel+Timer.swift in Sources */ = {isa = PBXBuildFile; fileRef = 510FA43E2E43ABB100287EAD /* WatchViewModel+Timer.swift */; };
		510FA4412E43B52B00287EAD /* WatchSyncable.swift in Sources */ = {isa = PBXBuildFile; fileRef = 510FA4402E43B52B00287EAD /* WatchSyncable.swift */; };
		510FA4432E43B54200287EAD /* WatchSyncService.swift in Sources */ = {isa = PBXBuildFile; fileRef = 510FA4422E43B54200287EAD /* WatchSyncService.swift */; };
		510FA4452E43B55500287EAD /* WatchDataManageable.swift in Sources */ = {isa = PBXBuildFile; fileRef = 510FA4442E43B55500287EAD /* WatchDataManageable.swift */; };
		510FA4472E43B56500287EAD /* WatchDataService.swift in Sources */ = {isa = PBXBuildFile; fileRef = 510FA4462E43B56500287EAD /* WatchDataService.swift */; };
		510FA4492E43B57900287EAD /* WatchTimerable.swift in Sources */ = {isa = PBXBuildFile; fileRef = 510FA4482E43B57900287EAD /* WatchTimerable.swift */; };
		510FA44B2E43B59400287EAD /* WatchTimerService.swift in Sources */ = {isa = PBXBuildFile; fileRef = 510FA44A2E43B59400287EAD /* WatchTimerService.swift */; };
		512224C02D8C685E00AABC82 /* UIImage+.swift in Sources */ = {isa = PBXBuildFile; fileRef = 512224BF2D8C685500AABC82 /* UIImage+.swift */; };
		512224C22D8C68D100AABC82 /* SelectGalleryView.swift in Sources */ = {isa = PBXBuildFile; fileRef = 512224C12D8C68C900AABC82 /* SelectGalleryView.swift */; };
		512CED492DF08E59001A800B /* Errors.swift in Sources */ = {isa = PBXBuildFile; fileRef = 512CED482DF08E59001A800B /* Errors.swift */; };
		512CED4A2DF08E59001A800B /* Errors.swift in Sources */ = {isa = PBXBuildFile; fileRef = 512CED482DF08E59001A800B /* Errors.swift */; };
		512CED4C2DF08EAF001A800B /* AudioPlayable.swift in Sources */ = {isa = PBXBuildFile; fileRef = 512CED4B2DF08EAF001A800B /* AudioPlayable.swift */; };
		512CED4E2DF08EC6001A800B /* MarkerManageable.swift in Sources */ = {isa = PBXBuildFile; fileRef = 512CED4D2DF08EC6001A800B /* MarkerManageable.swift */; };
		512CED502DF08ED3001A800B /* WatchConnectivityManageable.swift in Sources */ = {isa = PBXBuildFile; fileRef = 512CED4F2DF08ED3001A800B /* WatchConnectivityManageable.swift */; };
		512CED522DF08EDF001A800B /* ControlCenterManageable.swift in Sources */ = {isa = PBXBuildFile; fileRef = 512CED512DF08EDF001A800B /* ControlCenterManageable.swift */; };
		512CEE5D2DF092A8001A800B /* AudioService.swift in Sources */ = {isa = PBXBuildFile; fileRef = 512CEE5C2DF092A8001A800B /* AudioService.swift */; };
		512CEE5F2DF093FC001A800B /* MarkerService.swift in Sources */ = {isa = PBXBuildFile; fileRef = 512CEE5E2DF093FC001A800B /* MarkerService.swift */; };
		512CEE612DF0991C001A800B /* WatchService.swift in Sources */ = {isa = PBXBuildFile; fileRef = 512CEE602DF0991C001A800B /* WatchService.swift */; };
		512CEE632DF09BF9001A800B /* LiveActivityService.swift in Sources */ = {isa = PBXBuildFile; fileRef = 512CEE622DF09BF9001A800B /* LiveActivityService.swift */; };
		512CEE652DF12BF0001A800B /* DataRepository.swift in Sources */ = {isa = PBXBuildFile; fileRef = 512CEE642DF12BF0001A800B /* DataRepository.swift */; };
		512CEE682DF12E06001A800B /* MusicData.swift in Sources */ = {isa = PBXBuildFile; fileRef = 512CEE672DF12E06001A800B /* MusicData.swift */; };
		512CEE692DF12E06001A800B /* MusicData.swift in Sources */ = {isa = PBXBuildFile; fileRef = 512CEE672DF12E06001A800B /* MusicData.swift */; };
		512CEE6C2DF12F65001A800B /* MusicCoreData.xcdatamodeld in Sources */ = {isa = PBXBuildFile; fileRef = 512CEE6A2DF12F65001A800B /* MusicCoreData.xcdatamodeld */; };
		512CEE6D2DF12F65001A800B /* MusicCoreData.xcdatamodeld in Sources */ = {isa = PBXBuildFile; fileRef = 512CEE6A2DF12F65001A800B /* MusicCoreData.xcdatamodeld */; };
		5131FFEF2E0618210049E281 /* PlayerViewModel+Marker.swift in Sources */ = {isa = PBXBuildFile; fileRef = 5131FFEE2E0618210049E281 /* PlayerViewModel+Marker.swift */; };
		5131FFF12E061A670049E281 /* PlayerViewModel+Watch.swift in Sources */ = {isa = PBXBuildFile; fileRef = 5131FFF02E061A670049E281 /* PlayerViewModel+Watch.swift */; };
		5131FFF52E0640540049E281 /* PlayerViewModel+LiveActivity.swift in Sources */ = {isa = PBXBuildFile; fileRef = 5131FFF42E0640540049E281 /* PlayerViewModel+LiveActivity.swift */; };
		51427B862E4884EC00256AF2 /* View+LiquidGlass.swift in Sources */ = {isa = PBXBuildFile; fileRef = 51C47D9D2E471B8B00E68154 /* View+LiquidGlass.swift */; };
		51447EF42E41E6EF00ED1669 /* WatchEmptyMusicView.swift in Sources */ = {isa = PBXBuildFile; fileRef = 51447EF32E41E6EF00ED1669 /* WatchEmptyMusicView.swift */; };
		51447EF62E41E70900ED1669 /* WatchMusicGrid.swift in Sources */ = {isa = PBXBuildFile; fileRef = 51447EF52E41E70900ED1669 /* WatchMusicGrid.swift */; };
		51447EF82E41E74100ED1669 /* WatchPlayingIndicator.swift in Sources */ = {isa = PBXBuildFile; fileRef = 51447EF72E41E74100ED1669 /* WatchPlayingIndicator.swift */; };
		5149F3A42E43A3EE00482C2A /* WatchCommunicatable.swift in Sources */ = {isa = PBXBuildFile; fileRef = 5149F3A32E43A3EE00482C2A /* WatchCommunicatable.swift */; };
		5149F3A62E43A40E00482C2A /* WatchCommunicationService.swift in Sources */ = {isa = PBXBuildFile; fileRef = 5149F3A52E43A40E00482C2A /* WatchCommunicationService.swift */; };
		514F1E2A2E3C9C2100690DB5 /* MusicInfoView.swift in Sources */ = {isa = PBXBuildFile; fileRef = 514F1E292E3C9C2100690DB5 /* MusicInfoView.swift */; };
		514F1E2C2E3C9DD100690DB5 /* SpeedControlView.swift in Sources */ = {isa = PBXBuildFile; fileRef = 514F1E2B2E3C9DD100690DB5 /* SpeedControlView.swift */; };
		514F1E2E2E3C9E0400690DB5 /* PlaybackControlsView.swift in Sources */ = {isa = PBXBuildFile; fileRef = 514F1E2D2E3C9E0400690DB5 /* PlaybackControlsView.swift */; };
		514F1E302E3C9E3C00690DB5 /* ProgressSliderView.swift in Sources */ = {isa = PBXBuildFile; fileRef = 514F1E2F2E3C9E3C00690DB5 /* ProgressSliderView.swift */; };
		514F1E342E3C9FE200690DB5 /* AddMarkerButton.swift in Sources */ = {isa = PBXBuildFile; fileRef = 514F1E332E3C9FE200690DB5 /* AddMarkerButton.swift */; };
		514F1E362E3C9FFE00690DB5 /* MarkerButton.swift in Sources */ = {isa = PBXBuildFile; fileRef = 514F1E352E3C9FFE00690DB5 /* MarkerButton.swift */; };
		514F1E3A2E3CA06600690DB5 /* MarkerListView.swift in Sources */ = {isa = PBXBuildFile; fileRef = 514F1E392E3CA06600690DB5 /* MarkerListView.swift */; };
		514F1E3E2E3CB52000690DB5 /* AlbumArtEditor.swift in Sources */ = {isa = PBXBuildFile; fileRef = 514F1E3D2E3CB52000690DB5 /* AlbumArtEditor.swift */; };
		514F1E402E3CB55D00690DB5 /* MusicTextFiedlEditor.swift in Sources */ = {isa = PBXBuildFile; fileRef = 514F1E3F2E3CB55D00690DB5 /* MusicTextFiedlEditor.swift */; };
		514F1E422E3CB58200690DB5 /* SaveButton.swift in Sources */ = {isa = PBXBuildFile; fileRef = 514F1E412E3CB58200690DB5 /* SaveButton.swift */; };
		514F1E462E3CC0EE00690DB5 /* MusicListItem.swift in Sources */ = {isa = PBXBuildFile; fileRef = 514F1E452E3CC0EE00690DB5 /* MusicListItem.swift */; };
		514F1E482E3CC12400690DB5 /* URL+Unique.swift in Sources */ = {isa = PBXBuildFile; fileRef = 514F1E472E3CC12400690DB5 /* URL+Unique.swift */; };
		516D95502D533F5D00AA8EAA /* TextMarquee.swift in Sources */ = {isa = PBXBuildFile; fileRef = 516D954F2D533F5D00AA8EAA /* TextMarquee.swift */; };
		51C107222E41ED1900999C0B /* WatchPlaybackControls.swift in Sources */ = {isa = PBXBuildFile; fileRef = 51C107212E41ED1900999C0B /* WatchPlaybackControls.swift */; };
		51C107242E41ED6900999C0B /* WatchMusicInfoHeader.swift in Sources */ = {isa = PBXBuildFile; fileRef = 51C107232E41ED6900999C0B /* WatchMusicInfoHeader.swift */; };
		51C107262E41ED9700999C0B /* WatchMusicTimeDisplay.swift in Sources */ = {isa = PBXBuildFile; fileRef = 51C107252E41ED9700999C0B /* WatchMusicTimeDisplay.swift */; };
		51C47D9E2E471B8B00E68154 /* View+LiquidGlass.swift in Sources */ = {isa = PBXBuildFile; fileRef = 51C47D9D2E471B8B00E68154 /* View+LiquidGlass.swift */; };
		51CD43CA2DFB327900BC8EDF /* PlayerViewModel.swift in Sources */ = {isa = PBXBuildFile; fileRef = 51CD43C92DFB327900BC8EDF /* PlayerViewModel.swift */; };
		51CD44D52DFB35A800BC8EDF /* PlayerViewModel+Audio.swift in Sources */ = {isa = PBXBuildFile; fileRef = 51CD44D42DFB35A800BC8EDF /* PlayerViewModel+Audio.swift */; };
		51CD44D72DFB3B6A00BC8EDF /* PlayerViewModel+Timer.swift in Sources */ = {isa = PBXBuildFile; fileRef = 51CD44D62DFB3B6A00BC8EDF /* PlayerViewModel+Timer.swift */; };
		51CD44DC2DFB402500BC8EDF /* DependencyContainer.swift in Sources */ = {isa = PBXBuildFile; fileRef = 51CD44DB2DFB402500BC8EDF /* DependencyContainer.swift */; };
		51EF633C2D99716400967EC8 /* View+.swift in Sources */ = {isa = PBXBuildFile; fileRef = 51EF633B2D99715C00967EC8 /* View+.swift */; };
		901BF9812C29804A00C02FF9 /* DancingMarkerApp.swift in Sources */ = {isa = PBXBuildFile; fileRef = 901BF9802C29804A00C02FF9 /* DancingMarkerApp.swift */; };
		901BF9852C29804B00C02FF9 /* Assets.xcassets in Resources */ = {isa = PBXBuildFile; fileRef = 901BF9842C29804B00C02FF9 /* Assets.xcassets */; };
		901BF9882C29804B00C02FF9 /* Preview Assets.xcassets in Resources */ = {isa = PBXBuildFile; fileRef = 901BF9872C29804B00C02FF9 /* Preview Assets.xcassets */; };
		901BF9992C29809A00C02FF9 /* Assets.xcassets in Resources */ = {isa = PBXBuildFile; fileRef = 901BF9982C29809A00C02FF9 /* Assets.xcassets */; };
		901BF99C2C29809A00C02FF9 /* Preview Assets.xcassets in Resources */ = {isa = PBXBuildFile; fileRef = 901BF99B2C29809A00C02FF9 /* Preview Assets.xcassets */; };
		901BF99F2C29809A00C02FF9 /* WatchDancingMarker Watch App.app in Embed Watch Content */ = {isa = PBXBuildFile; fileRef = 901BF9922C29809900C02FF9 /* WatchDancingMarker Watch App.app */; settings = {ATTRIBUTES = (RemoveHeadersOnCopy, ); }; };
		901BF9B62C2A533200C02FF9 /* WatchNavigationManager.swift in Sources */ = {isa = PBXBuildFile; fileRef = 901BF9B52C2A533200C02FF9 /* WatchNavigationManager.swift */; };
		902077062C458ABB00988D2B /* WatchViewModel.swift in Sources */ = {isa = PBXBuildFile; fileRef = 902077052C458ABB00988D2B /* WatchViewModel.swift */; };
		90A4722A2C45080D008577A2 /* WatchConnectivity.framework in Frameworks */ = {isa = PBXBuildFile; fileRef = 90A472292C45080D008577A2 /* WatchConnectivity.framework */; };
		90A4722C2C450825008577A2 /* WatchConnectivity.framework in Frameworks */ = {isa = PBXBuildFile; fileRef = 90A4722B2C450825008577A2 /* WatchConnectivity.framework */; };
		90A4722F2C450867008577A2 /* WCManager.swift in Sources */ = {isa = PBXBuildFile; fileRef = 90A4722E2C450867008577A2 /* WCManager.swift */; };
		90A472312C450A68008577A2 /* WatchDancingMarkerApp.swift in Sources */ = {isa = PBXBuildFile; fileRef = 90A472302C450A68008577A2 /* WatchDancingMarkerApp.swift */; };
		90A472322C450AB6008577A2 /* WCManager.swift in Sources */ = {isa = PBXBuildFile; fileRef = 90A4722E2C450867008577A2 /* WCManager.swift */; };
		90A542362C6E1ECC00B0F694 /* Assets.xcassets in Resources */ = {isa = PBXBuildFile; fileRef = 901BF9982C29809A00C02FF9 /* Assets.xcassets */; };
		90E28F562C2D092E009098BE /* NavigationManager.swift in Sources */ = {isa = PBXBuildFile; fileRef = 90E28F552C2D092E009098BE /* NavigationManager.swift */; };
/* End PBXBuildFile section */

/* Begin PBXContainerItemProxy section */
		901BF99D2C29809A00C02FF9 /* PBXContainerItemProxy */ = {
			isa = PBXContainerItemProxy;
			containerPortal = 901BF9752C29804A00C02FF9 /* Project object */;
			proxyType = 1;
			remoteGlobalIDString = 901BF9912C29809900C02FF9;
			remoteInfo = "WatchDancingMarker Watch App";
		};
/* End PBXContainerItemProxy section */

/* Begin PBXCopyFilesBuildPhase section */
		901BF9A32C29809A00C02FF9 /* Embed Watch Content */ = {
			isa = PBXCopyFilesBuildPhase;
			buildActionMask = 2147483647;
			dstPath = "$(CONTENTS_FOLDER_PATH)/Watch";
			dstSubfolderSpec = 16;
			files = (
				901BF99F2C29809A00C02FF9 /* WatchDancingMarker Watch App.app in Embed Watch Content */,
			);
			name = "Embed Watch Content";
			runOnlyForDeploymentPostprocessing = 0;
		};
/* End PBXCopyFilesBuildPhase section */

/* Begin PBXFileReference section */
		1F0157E82DE4AA0B009D88DD /* ja */ = {isa = PBXFileReference; lastKnownFileType = text.plist.strings; name = ja; path = ja.lproj/Localizable.strings; sourceTree = "<group>"; };
		1F9385772DE228D50093725C /* en */ = {isa = PBXFileReference; lastKnownFileType = text.plist.strings; name = en; path = en.lproj/Localizable.strings; sourceTree = "<group>"; };
		1F93857A2DE2294B0093725C /* ko */ = {isa = PBXFileReference; lastKnownFileType = text.plist.strings; name = ko; path = ko.lproj/Localizable.strings; sourceTree = "<group>"; };
		1FA811852D533EC5004B4807 /* CommonButtonStyle.swift */ = {isa = PBXFileReference; lastKnownFileType = sourcecode.swift; path = CommonButtonStyle.swift; sourceTree = "<group>"; };
		1FA811882D534029004B4807 /* MarkerResetAlert.swift */ = {isa = PBXFileReference; lastKnownFileType = sourcecode.swift; path = MarkerResetAlert.swift; sourceTree = "<group>"; };
		5104B7F52C3D67F2008E10E8 /* Music.swift */ = {isa = PBXFileReference; lastKnownFileType = sourcecode.swift; path = Music.swift; sourceTree = "<group>"; };
		510D90162CA2F1C0002E82CC /* WatchMarkerDetailView.swift */ = {isa = PBXFileReference; lastKnownFileType = sourcecode.swift; path = WatchMarkerDetailView.swift; sourceTree = "<group>"; };
		510D90182CA2F1C0002E82CC /* WatchMarkerListView.swift */ = {isa = PBXFileReference; lastKnownFileType = sourcecode.swift; path = WatchMarkerListView.swift; sourceTree = "<group>"; };
		510D901D2CA2F1C0002E82CC /* WatchPlayingMarkerView.swift */ = {isa = PBXFileReference; lastKnownFileType = sourcecode.swift; path = WatchPlayingMarkerView.swift; sourceTree = "<group>"; };
		510D901E2CA2F1C0002E82CC /* WatchPlayingSpeedView.swift */ = {isa = PBXFileReference; lastKnownFileType = sourcecode.swift; path = WatchPlayingSpeedView.swift; sourceTree = "<group>"; };
		510D901F2CA2F1C0002E82CC /* WatchPlayingView.swift */ = {isa = PBXFileReference; lastKnownFileType = sourcecode.swift; path = WatchPlayingView.swift; sourceTree = "<group>"; };
		510D90242CA2F1C0002E82CC /* WatchMusicListView.swift */ = {isa = PBXFileReference; lastKnownFileType = sourcecode.swift; path = WatchMusicListView.swift; sourceTree = "<group>"; };
		510D90272CA2F1C8002E82CC /* MusicEditView.swift */ = {isa = PBXFileReference; lastKnownFileType = sourcecode.swift; path = MusicEditView.swift; sourceTree = "<group>"; };
		510D90282CA2F1C8002E82CC /* MusicListView.swift */ = {isa = PBXFileReference; lastKnownFileType = sourcecode.swift; path = MusicListView.swift; sourceTree = "<group>"; };
		510D90292CA2F1C8002E82CC /* NowPlayingView.swift */ = {isa = PBXFileReference; lastKnownFileType = sourcecode.swift; path = NowPlayingView.swift; sourceTree = "<group>"; };
		510D902E2CA2F1C8002E82CC /* PlayingView.swift */ = {isa = PBXFileReference; lastKnownFileType = sourcecode.swift; path = PlayingView.swift; sourceTree = "<group>"; };
		510D90332CA2F1C8002E82CC /* ContentView.swift */ = {isa = PBXFileReference; lastKnownFileType = sourcecode.swift; path = ContentView.swift; sourceTree = "<group>"; };
		510FA4382E43AB2200287EAD /* WatchViewModel+Communication.swift */ = {isa = PBXFileReference; lastKnownFileType = sourcecode.swift; path = "WatchViewModel+Communication.swift"; sourceTree = "<group>"; };
		510FA43A2E43AB3A00287EAD /* WatchViewModel+Data.swift */ = {isa = PBXFileReference; lastKnownFileType = sourcecode.swift; path = "WatchViewModel+Data.swift"; sourceTree = "<group>"; };
		510FA43C2E43AB8E00287EAD /* WatchViewModel+Sync.swift */ = {isa = PBXFileReference; lastKnownFileType = sourcecode.swift; path = "WatchViewModel+Sync.swift"; sourceTree = "<group>"; };
		510FA43E2E43ABB100287EAD /* WatchViewModel+Timer.swift */ = {isa = PBXFileReference; lastKnownFileType = sourcecode.swift; path = "WatchViewModel+Timer.swift"; sourceTree = "<group>"; };
		510FA4402E43B52B00287EAD /* WatchSyncable.swift */ = {isa = PBXFileReference; lastKnownFileType = sourcecode.swift; path = WatchSyncable.swift; sourceTree = "<group>"; };
		510FA4422E43B54200287EAD /* WatchSyncService.swift */ = {isa = PBXFileReference; lastKnownFileType = sourcecode.swift; path = WatchSyncService.swift; sourceTree = "<group>"; };
		510FA4442E43B55500287EAD /* WatchDataManageable.swift */ = {isa = PBXFileReference; lastKnownFileType = sourcecode.swift; path = WatchDataManageable.swift; sourceTree = "<group>"; };
		510FA4462E43B56500287EAD /* WatchDataService.swift */ = {isa = PBXFileReference; lastKnownFileType = sourcecode.swift; path = WatchDataService.swift; sourceTree = "<group>"; };
		510FA4482E43B57900287EAD /* WatchTimerable.swift */ = {isa = PBXFileReference; lastKnownFileType = sourcecode.swift; path = WatchTimerable.swift; sourceTree = "<group>"; };
		510FA44A2E43B59400287EAD /* WatchTimerService.swift */ = {isa = PBXFileReference; lastKnownFileType = sourcecode.swift; path = WatchTimerService.swift; sourceTree = "<group>"; };
		512224BF2D8C685500AABC82 /* UIImage+.swift */ = {isa = PBXFileReference; lastKnownFileType = sourcecode.swift; path = "UIImage+.swift"; sourceTree = "<group>"; };
		512224C12D8C68C900AABC82 /* SelectGalleryView.swift */ = {isa = PBXFileReference; lastKnownFileType = sourcecode.swift; path = SelectGalleryView.swift; sourceTree = "<group>"; };
		512CED482DF08E59001A800B /* Errors.swift */ = {isa = PBXFileReference; lastKnownFileType = sourcecode.swift; path = Errors.swift; sourceTree = "<group>"; };
		512CED4B2DF08EAF001A800B /* AudioPlayable.swift */ = {isa = PBXFileReference; lastKnownFileType = sourcecode.swift; path = AudioPlayable.swift; sourceTree = "<group>"; };
		512CED4D2DF08EC6001A800B /* MarkerManageable.swift */ = {isa = PBXFileReference; lastKnownFileType = sourcecode.swift; path = MarkerManageable.swift; sourceTree = "<group>"; };
		512CED4F2DF08ED3001A800B /* WatchConnectivityManageable.swift */ = {isa = PBXFileReference; lastKnownFileType = sourcecode.swift; path = WatchConnectivityManageable.swift; sourceTree = "<group>"; };
		512CED512DF08EDF001A800B /* ControlCenterManageable.swift */ = {isa = PBXFileReference; lastKnownFileType = sourcecode.swift; path = ControlCenterManageable.swift; sourceTree = "<group>"; };
		512CEE5C2DF092A8001A800B /* AudioService.swift */ = {isa = PBXFileReference; lastKnownFileType = sourcecode.swift; path = AudioService.swift; sourceTree = "<group>"; };
		512CEE5E2DF093FC001A800B /* MarkerService.swift */ = {isa = PBXFileReference; lastKnownFileType = sourcecode.swift; path = MarkerService.swift; sourceTree = "<group>"; };
		512CEE602DF0991C001A800B /* WatchService.swift */ = {isa = PBXFileReference; lastKnownFileType = sourcecode.swift; path = WatchService.swift; sourceTree = "<group>"; };
		512CEE622DF09BF9001A800B /* LiveActivityService.swift */ = {isa = PBXFileReference; lastKnownFileType = sourcecode.swift; path = LiveActivityService.swift; sourceTree = "<group>"; };
		512CEE642DF12BF0001A800B /* DataRepository.swift */ = {isa = PBXFileReference; lastKnownFileType = sourcecode.swift; path = DataRepository.swift; sourceTree = "<group>"; };
		512CEE672DF12E06001A800B /* MusicData.swift */ = {isa = PBXFileReference; lastKnownFileType = sourcecode.swift; path = MusicData.swift; sourceTree = "<group>"; };
		512CEE6B2DF12F65001A800B /* MusicCoreData.xcdatamodel */ = {isa = PBXFileReference; lastKnownFileType = wrapper.xcdatamodel; path = MusicCoreData.xcdatamodel; sourceTree = "<group>"; };
		5131FFEE2E0618210049E281 /* PlayerViewModel+Marker.swift */ = {isa = PBXFileReference; lastKnownFileType = sourcecode.swift; path = "PlayerViewModel+Marker.swift"; sourceTree = "<group>"; };
		5131FFF02E061A670049E281 /* PlayerViewModel+Watch.swift */ = {isa = PBXFileReference; lastKnownFileType = sourcecode.swift; path = "PlayerViewModel+Watch.swift"; sourceTree = "<group>"; };
		5131FFF42E0640540049E281 /* PlayerViewModel+LiveActivity.swift */ = {isa = PBXFileReference; lastKnownFileType = sourcecode.swift; path = "PlayerViewModel+LiveActivity.swift"; sourceTree = "<group>"; };
		51447EF32E41E6EF00ED1669 /* WatchEmptyMusicView.swift */ = {isa = PBXFileReference; lastKnownFileType = sourcecode.swift; path = WatchEmptyMusicView.swift; sourceTree = "<group>"; };
		51447EF52E41E70900ED1669 /* WatchMusicGrid.swift */ = {isa = PBXFileReference; lastKnownFileType = sourcecode.swift; path = WatchMusicGrid.swift; sourceTree = "<group>"; };
		51447EF72E41E74100ED1669 /* WatchPlayingIndicator.swift */ = {isa = PBXFileReference; lastKnownFileType = sourcecode.swift; path = WatchPlayingIndicator.swift; sourceTree = "<group>"; };
		5149F3A32E43A3EE00482C2A /* WatchCommunicatable.swift */ = {isa = PBXFileReference; lastKnownFileType = sourcecode.swift; path = WatchCommunicatable.swift; sourceTree = "<group>"; };
		5149F3A52E43A40E00482C2A /* WatchCommunicationService.swift */ = {isa = PBXFileReference; lastKnownFileType = sourcecode.swift; path = WatchCommunicationService.swift; sourceTree = "<group>"; };
		514F1E292E3C9C2100690DB5 /* MusicInfoView.swift */ = {isa = PBXFileReference; lastKnownFileType = sourcecode.swift; path = MusicInfoView.swift; sourceTree = "<group>"; };
		514F1E2B2E3C9DD100690DB5 /* SpeedControlView.swift */ = {isa = PBXFileReference; lastKnownFileType = sourcecode.swift; path = SpeedControlView.swift; sourceTree = "<group>"; };
		514F1E2D2E3C9E0400690DB5 /* PlaybackControlsView.swift */ = {isa = PBXFileReference; lastKnownFileType = sourcecode.swift; path = PlaybackControlsView.swift; sourceTree = "<group>"; };
		514F1E2F2E3C9E3C00690DB5 /* ProgressSliderView.swift */ = {isa = PBXFileReference; lastKnownFileType = sourcecode.swift; path = ProgressSliderView.swift; sourceTree = "<group>"; };
		514F1E332E3C9FE200690DB5 /* AddMarkerButton.swift */ = {isa = PBXFileReference; lastKnownFileType = sourcecode.swift; path = AddMarkerButton.swift; sourceTree = "<group>"; };
		514F1E352E3C9FFE00690DB5 /* MarkerButton.swift */ = {isa = PBXFileReference; lastKnownFileType = sourcecode.swift; path = MarkerButton.swift; sourceTree = "<group>"; };
		514F1E392E3CA06600690DB5 /* MarkerListView.swift */ = {isa = PBXFileReference; lastKnownFileType = sourcecode.swift; path = MarkerListView.swift; sourceTree = "<group>"; };
		514F1E3D2E3CB52000690DB5 /* AlbumArtEditor.swift */ = {isa = PBXFileReference; lastKnownFileType = sourcecode.swift; path = AlbumArtEditor.swift; sourceTree = "<group>"; };
		514F1E3F2E3CB55D00690DB5 /* MusicTextFiedlEditor.swift */ = {isa = PBXFileReference; lastKnownFileType = sourcecode.swift; path = MusicTextFiedlEditor.swift; sourceTree = "<group>"; };
		514F1E412E3CB58200690DB5 /* SaveButton.swift */ = {isa = PBXFileReference; lastKnownFileType = sourcecode.swift; path = SaveButton.swift; sourceTree = "<group>"; };
		514F1E452E3CC0EE00690DB5 /* MusicListItem.swift */ = {isa = PBXFileReference; lastKnownFileType = sourcecode.swift; path = MusicListItem.swift; sourceTree = "<group>"; };
		514F1E472E3CC12400690DB5 /* URL+Unique.swift */ = {isa = PBXFileReference; lastKnownFileType = sourcecode.swift; path = "URL+Unique.swift"; sourceTree = "<group>"; };
		51675E272CA2F0E800D8D08F /* Secrets.xcconfig */ = {isa = PBXFileReference; lastKnownFileType = text.xcconfig; path = Secrets.xcconfig; sourceTree = "<group>"; };
		516D954F2D533F5D00AA8EAA /* TextMarquee.swift */ = {isa = PBXFileReference; lastKnownFileType = sourcecode.swift; path = TextMarquee.swift; sourceTree = "<group>"; };
		51C107212E41ED1900999C0B /* WatchPlaybackControls.swift */ = {isa = PBXFileReference; lastKnownFileType = sourcecode.swift; path = WatchPlaybackControls.swift; sourceTree = "<group>"; };
		51C107232E41ED6900999C0B /* WatchMusicInfoHeader.swift */ = {isa = PBXFileReference; lastKnownFileType = sourcecode.swift; path = WatchMusicInfoHeader.swift; sourceTree = "<group>"; };
		51C107252E41ED9700999C0B /* WatchMusicTimeDisplay.swift */ = {isa = PBXFileReference; lastKnownFileType = sourcecode.swift; path = WatchMusicTimeDisplay.swift; sourceTree = "<group>"; };
		51C47D9D2E471B8B00E68154 /* View+LiquidGlass.swift */ = {isa = PBXFileReference; lastKnownFileType = sourcecode.swift; path = "View+LiquidGlass.swift"; sourceTree = "<group>"; };
		51CD43C92DFB327900BC8EDF /* PlayerViewModel.swift */ = {isa = PBXFileReference; lastKnownFileType = sourcecode.swift; path = PlayerViewModel.swift; sourceTree = "<group>"; };
		51CD44D42DFB35A800BC8EDF /* PlayerViewModel+Audio.swift */ = {isa = PBXFileReference; lastKnownFileType = sourcecode.swift; path = "PlayerViewModel+Audio.swift"; sourceTree = "<group>"; };
		51CD44D62DFB3B6A00BC8EDF /* PlayerViewModel+Timer.swift */ = {isa = PBXFileReference; lastKnownFileType = sourcecode.swift; path = "PlayerViewModel+Timer.swift"; sourceTree = "<group>"; };
		51CD44DB2DFB402500BC8EDF /* DependencyContainer.swift */ = {isa = PBXFileReference; lastKnownFileType = sourcecode.swift; path = DependencyContainer.swift; sourceTree = "<group>"; };
		51EF633B2D99715C00967EC8 /* View+.swift */ = {isa = PBXFileReference; lastKnownFileType = sourcecode.swift; path = "View+.swift"; sourceTree = "<group>"; };
		51FD01772C3BC6B1003F99B5 /* Info.plist */ = {isa = PBXFileReference; lastKnownFileType = text.plist.xml; path = Info.plist; sourceTree = "<group>"; };
		901BF97D2C29804A00C02FF9 /* DancingMarker.app */ = {isa = PBXFileReference; explicitFileType = wrapper.application; includeInIndex = 0; path = DancingMarker.app; sourceTree = BUILT_PRODUCTS_DIR; };
		901BF9802C29804A00C02FF9 /* DancingMarkerApp.swift */ = {isa = PBXFileReference; lastKnownFileType = sourcecode.swift; path = DancingMarkerApp.swift; sourceTree = "<group>"; };
		901BF9842C29804B00C02FF9 /* Assets.xcassets */ = {isa = PBXFileReference; lastKnownFileType = folder.assetcatalog; path = Assets.xcassets; sourceTree = "<group>"; };
		901BF9872C29804B00C02FF9 /* Preview Assets.xcassets */ = {isa = PBXFileReference; lastKnownFileType = folder.assetcatalog; path = "Preview Assets.xcassets"; sourceTree = "<group>"; };
		901BF9922C29809900C02FF9 /* WatchDancingMarker Watch App.app */ = {isa = PBXFileReference; explicitFileType = wrapper.application; includeInIndex = 0; path = "WatchDancingMarker Watch App.app"; sourceTree = BUILT_PRODUCTS_DIR; };
		901BF9982C29809A00C02FF9 /* Assets.xcassets */ = {isa = PBXFileReference; lastKnownFileType = folder.assetcatalog; path = Assets.xcassets; sourceTree = "<group>"; };
		901BF99B2C29809A00C02FF9 /* Preview Assets.xcassets */ = {isa = PBXFileReference; lastKnownFileType = folder.assetcatalog; path = "Preview Assets.xcassets"; sourceTree = "<group>"; };
		901BF9B52C2A533200C02FF9 /* WatchNavigationManager.swift */ = {isa = PBXFileReference; lastKnownFileType = sourcecode.swift; path = WatchNavigationManager.swift; sourceTree = "<group>"; };
		902077052C458ABB00988D2B /* WatchViewModel.swift */ = {isa = PBXFileReference; lastKnownFileType = sourcecode.swift; path = WatchViewModel.swift; sourceTree = "<group>"; };
		90A472292C45080D008577A2 /* WatchConnectivity.framework */ = {isa = PBXFileReference; lastKnownFileType = wrapper.framework; name = WatchConnectivity.framework; path = Platforms/WatchOS.platform/Developer/SDKs/WatchOS10.5.sdk/System/Library/Frameworks/WatchConnectivity.framework; sourceTree = DEVELOPER_DIR; };
		90A4722B2C450825008577A2 /* WatchConnectivity.framework */ = {isa = PBXFileReference; lastKnownFileType = wrapper.framework; name = WatchConnectivity.framework; path = System/Library/Frameworks/WatchConnectivity.framework; sourceTree = SDKROOT; };
		90A4722E2C450867008577A2 /* WCManager.swift */ = {isa = PBXFileReference; lastKnownFileType = sourcecode.swift; path = WCManager.swift; sourceTree = "<group>"; };
		90A472302C450A68008577A2 /* WatchDancingMarkerApp.swift */ = {isa = PBXFileReference; fileEncoding = 4; lastKnownFileType = sourcecode.swift; name = WatchDancingMarkerApp.swift; path = "WatchDancingMarker Watch App/Application/WatchDancingMarkerApp.swift"; sourceTree = SOURCE_ROOT; };
		90A542372C6E1F0100B0F694 /* WatchDancingMarker-Watch-App-Info.plist */ = {isa = PBXFileReference; lastKnownFileType = text.plist.xml; path = "WatchDancingMarker-Watch-App-Info.plist"; sourceTree = SOURCE_ROOT; };
		90E28F552C2D092E009098BE /* NavigationManager.swift */ = {isa = PBXFileReference; lastKnownFileType = sourcecode.swift; path = NavigationManager.swift; sourceTree = "<group>"; };
/* End PBXFileReference section */

/* Begin PBXFrameworksBuildPhase section */
		901BF97A2C29804A00C02FF9 /* Frameworks */ = {
			isa = PBXFrameworksBuildPhase;
			buildActionMask = 2147483647;
			files = (
				1FA08BAA2C8208B10082C266 /* Mixpanel in Frameworks */,
				90A4722C2C450825008577A2 /* WatchConnectivity.framework in Frameworks */,
			);
			runOnlyForDeploymentPostprocessing = 0;
		};
		901BF98F2C29809900C02FF9 /* Frameworks */ = {
			isa = PBXFrameworksBuildPhase;
			buildActionMask = 2147483647;
			files = (
				1F3EEBC92C8207F600926178 /* Mixpanel in Frameworks */,
				90A4722A2C45080D008577A2 /* WatchConnectivity.framework in Frameworks */,
			);
			runOnlyForDeploymentPostprocessing = 0;
		};
/* End PBXFrameworksBuildPhase section */

/* Begin PBXGroup section */
		1FA811842D53398B004B4807 /* Common */ = {
			isa = PBXGroup;
			children = (
				1FA811852D533EC5004B4807 /* CommonButtonStyle.swift */,
			);
			path = Common;
			sourceTree = "<group>";
		};
		1FA811872D534012004B4807 /* Alert */ = {
			isa = PBXGroup;
			children = (
				1FA811882D534029004B4807 /* MarkerResetAlert.swift */,
			);
			path = Alert;
			sourceTree = "<group>";
		};
		510D90152CA2F1A7002E82CC /* Application */ = {
			isa = PBXGroup;
			children = (
				901BF9B52C2A533200C02FF9 /* WatchNavigationManager.swift */,
				90A472302C450A68008577A2 /* WatchDancingMarkerApp.swift */,
			);
			path = Application;
			sourceTree = "<group>";
		};
		510D90192CA2F1C0002E82CC /* WatchMarkerList */ = {
			isa = PBXGroup;
			children = (
				510D90162CA2F1C0002E82CC /* WatchMarkerDetailView.swift */,
				510D90182CA2F1C0002E82CC /* WatchMarkerListView.swift */,
				1FA811872D534012004B4807 /* Alert */,
			);
			path = WatchMarkerList;
			sourceTree = "<group>";
		};
		510D90202CA2F1C0002E82CC /* WatchPlaying */ = {
			isa = PBXGroup;
			children = (
				51C107202E41ECDA00999C0B /* Components */,
				510D901D2CA2F1C0002E82CC /* WatchPlayingMarkerView.swift */,
				510D901E2CA2F1C0002E82CC /* WatchPlayingSpeedView.swift */,
				510D901F2CA2F1C0002E82CC /* WatchPlayingView.swift */,
			);
			path = WatchPlaying;
			sourceTree = "<group>";
		};
		510D90252CA2F1C0002E82CC /* WatchMain */ = {
			isa = PBXGroup;
			children = (
				51447EF22E41E6C200ED1669 /* Components */,
				510D90242CA2F1C0002E82CC /* WatchMusicListView.swift */,
			);
			path = WatchMain;
			sourceTree = "<group>";
		};
		510D902A2CA2F1C8002E82CC /* Main */ = {
			isa = PBXGroup;
			children = (
				514F1E432E3CBF4E00690DB5 /* MusicList */,
				514F1E3B2E3CB4DC00690DB5 /* MusicEdit */,
				512224C12D8C68C900AABC82 /* SelectGalleryView.swift */,
				510D90292CA2F1C8002E82CC /* NowPlayingView.swift */,
			);
			path = Main;
			sourceTree = "<group>";
		};
		510D90302CA2F1C8002E82CC /* Playing */ = {
			isa = PBXGroup;
			children = (
				514F1E282E3C9C0600690DB5 /* Components */,
				510D902E2CA2F1C8002E82CC /* PlayingView.swift */,
			);
			path = Playing;
			sourceTree = "<group>";
		};
		510D90342CA2F1C8002E82CC /* Content */ = {
			isa = PBXGroup;
			children = (
				510D90332CA2F1C8002E82CC /* ContentView.swift */,
			);
			path = Content;
			sourceTree = "<group>";
		};
		512224BE2D8C682E00AABC82 /* Extensions */ = {
			isa = PBXGroup;
			children = (
				51EF633B2D99715C00967EC8 /* View+.swift */,
				512224BF2D8C685500AABC82 /* UIImage+.swift */,
				514F1E472E3CC12400690DB5 /* URL+Unique.swift */,
				51C47D9D2E471B8B00E68154 /* View+LiquidGlass.swift */,
			);
			path = Extensions;
			sourceTree = "<group>";
		};
		512CED472DF08C1E001A800B /* Protocols */ = {
			isa = PBXGroup;
			children = (
				512CED4B2DF08EAF001A800B /* AudioPlayable.swift */,
				512CED4D2DF08EC6001A800B /* MarkerManageable.swift */,
				512CED4F2DF08ED3001A800B /* WatchConnectivityManageable.swift */,
				512CED512DF08EDF001A800B /* ControlCenterManageable.swift */,
				512CEE642DF12BF0001A800B /* DataRepository.swift */,
			);
			path = Protocols;
			sourceTree = "<group>";
		};
		512CEE5B2DF0927A001A800B /* Services */ = {
			isa = PBXGroup;
			children = (
				512CEE5C2DF092A8001A800B /* AudioService.swift */,
				512CEE5E2DF093FC001A800B /* MarkerService.swift */,
				512CEE602DF0991C001A800B /* WatchService.swift */,
				512CEE622DF09BF9001A800B /* LiveActivityService.swift */,
			);
			path = Services;
			sourceTree = "<group>";
		};
		512CEE662DF12D42001A800B /* CoreData */ = {
			isa = PBXGroup;
			children = (
				512CEE6A2DF12F65001A800B /* MusicCoreData.xcdatamodeld */,
			);
			path = CoreData;
			sourceTree = "<group>";
		};
		513303FF2C4CD65400CC5F22 /* Resource */ = {
			isa = PBXGroup;
			children = (
				901BF9842C29804B00C02FF9 /* Assets.xcassets */,
			);
			path = Resource;
			sourceTree = "<group>";
		};
		51447EF22E41E6C200ED1669 /* Components */ = {
			isa = PBXGroup;
			children = (
				51447EF32E41E6EF00ED1669 /* WatchEmptyMusicView.swift */,
				51447EF52E41E70900ED1669 /* WatchMusicGrid.swift */,
				51447EF72E41E74100ED1669 /* WatchPlayingIndicator.swift */,
			);
			path = Components;
			sourceTree = "<group>";
		};
		5149F3A12E43A1A100482C2A /* Services */ = {
			isa = PBXGroup;
			children = (
				5149F3A52E43A40E00482C2A /* WatchCommunicationService.swift */,
				510FA4422E43B54200287EAD /* WatchSyncService.swift */,
				510FA4462E43B56500287EAD /* WatchDataService.swift */,
				510FA44A2E43B59400287EAD /* WatchTimerService.swift */,
			);
			path = Services;
			sourceTree = "<group>";
		};
		5149F3A22E43A1C800482C2A /* Protocols */ = {
			isa = PBXGroup;
			children = (
				5149F3A32E43A3EE00482C2A /* WatchCommunicatable.swift */,
				510FA4402E43B52B00287EAD /* WatchSyncable.swift */,
				510FA4442E43B55500287EAD /* WatchDataManageable.swift */,
				510FA4482E43B57900287EAD /* WatchTimerable.swift */,
			);
			path = Protocols;
			sourceTree = "<group>";
		};
		514F1E282E3C9C0600690DB5 /* Components */ = {
			isa = PBXGroup;
			children = (
				514F1E292E3C9C2100690DB5 /* MusicInfoView.swift */,
				514F1E2B2E3C9DD100690DB5 /* SpeedControlView.swift */,
				514F1E2D2E3C9E0400690DB5 /* PlaybackControlsView.swift */,
				514F1E2F2E3C9E3C00690DB5 /* ProgressSliderView.swift */,
				514F1E332E3C9FE200690DB5 /* AddMarkerButton.swift */,
				514F1E352E3C9FFE00690DB5 /* MarkerButton.swift */,
				514F1E392E3CA06600690DB5 /* MarkerListView.swift */,
			);
			path = Components;
			sourceTree = "<group>";
		};
		514F1E3B2E3CB4DC00690DB5 /* MusicEdit */ = {
			isa = PBXGroup;
			children = (
				514F1E3C2E3CB4FE00690DB5 /* Components */,
				510D90272CA2F1C8002E82CC /* MusicEditView.swift */,
			);
			path = MusicEdit;
			sourceTree = "<group>";
		};
		514F1E3C2E3CB4FE00690DB5 /* Components */ = {
			isa = PBXGroup;
			children = (
				514F1E3D2E3CB52000690DB5 /* AlbumArtEditor.swift */,
				514F1E3F2E3CB55D00690DB5 /* MusicTextFiedlEditor.swift */,
				514F1E412E3CB58200690DB5 /* SaveButton.swift */,
			);
			path = Components;
			sourceTree = "<group>";
		};
		514F1E432E3CBF4E00690DB5 /* MusicList */ = {
			isa = PBXGroup;
			children = (
				514F1E442E3CBF5E00690DB5 /* Components */,
				510D90282CA2F1C8002E82CC /* MusicListView.swift */,
			);
			path = MusicList;
			sourceTree = "<group>";
		};
		514F1E442E3CBF5E00690DB5 /* Components */ = {
			isa = PBXGroup;
			children = (
				514F1E452E3CC0EE00690DB5 /* MusicListItem.swift */,
			);
			path = Components;
			sourceTree = "<group>";
		};
		516D954E2D533EC500AA8EAA /* Components */ = {
			isa = PBXGroup;
			children = (
				516D954F2D533F5D00AA8EAA /* TextMarquee.swift */,
			);
			path = Components;
			sourceTree = "<group>";
		};
		518D7F012CA2E1D700612544 /* ViewModel */ = {
			isa = PBXGroup;
			children = (
				902077052C458ABB00988D2B /* WatchViewModel.swift */,
				510FA4382E43AB2200287EAD /* WatchViewModel+Communication.swift */,
				510FA43A2E43AB3A00287EAD /* WatchViewModel+Data.swift */,
				510FA43C2E43AB8E00287EAD /* WatchViewModel+Sync.swift */,
				510FA43E2E43ABB100287EAD /* WatchViewModel+Timer.swift */,
			);
			path = ViewModel;
			sourceTree = "<group>";
		};
		518D7F022CA2E24100612544 /* Application */ = {
			isa = PBXGroup;
			children = (
				901BF9802C29804A00C02FF9 /* DancingMarkerApp.swift */,
			);
			path = Application;
			sourceTree = "<group>";
		};
		518D7F032CA2E26100612544 /* ViewModel */ = {
			isa = PBXGroup;
			children = (
				51CD44D32DFB356300BC8EDF /* PlayerViewModel+ */,
				51CD43C92DFB327900BC8EDF /* PlayerViewModel.swift */,
			);
			path = ViewModel;
			sourceTree = "<group>";
		};
		518D7F042CA2E27B00612544 /* View */ = {
			isa = PBXGroup;
			children = (
				516D954E2D533EC500AA8EAA /* Components */,
				510D90342CA2F1C8002E82CC /* Content */,
				510D902A2CA2F1C8002E82CC /* Main */,
				510D90302CA2F1C8002E82CC /* Playing */,
			);
			path = View;
			sourceTree = "<group>";
		};
		518D7F162CA2E52700612544 /* Resource */ = {
			isa = PBXGroup;
			children = (
				901BF9982C29809A00C02FF9 /* Assets.xcassets */,
			);
			path = Resource;
			sourceTree = "<group>";
		};
		51C107202E41ECDA00999C0B /* Components */ = {
			isa = PBXGroup;
			children = (
				51C107212E41ED1900999C0B /* WatchPlaybackControls.swift */,
				51C107232E41ED6900999C0B /* WatchMusicInfoHeader.swift */,
				51C107252E41ED9700999C0B /* WatchMusicTimeDisplay.swift */,
			);
			path = Components;
			sourceTree = "<group>";
		};
		51CAA1042C392B2500406BB8 /* Models */ = {
			isa = PBXGroup;
			children = (
				512CEE662DF12D42001A800B /* CoreData */,
				5104B7F52C3D67F2008E10E8 /* Music.swift */,
				512CED482DF08E59001A800B /* Errors.swift */,
				512CEE672DF12E06001A800B /* MusicData.swift */,
			);
			path = Models;
			sourceTree = "<group>";
		};
		51CD44D32DFB356300BC8EDF /* PlayerViewModel+ */ = {
			isa = PBXGroup;
			children = (
				51CD44D42DFB35A800BC8EDF /* PlayerViewModel+Audio.swift */,
				51CD44D62DFB3B6A00BC8EDF /* PlayerViewModel+Timer.swift */,
				5131FFEE2E0618210049E281 /* PlayerViewModel+Marker.swift */,
				5131FFF02E061A670049E281 /* PlayerViewModel+Watch.swift */,
				5131FFF42E0640540049E281 /* PlayerViewModel+LiveActivity.swift */,
			);
			path = "PlayerViewModel+";
			sourceTree = "<group>";
		};
		51CD44DA2DFB400900BC8EDF /* DI */ = {
			isa = PBXGroup;
			children = (
				51CD44DB2DFB402500BC8EDF /* DependencyContainer.swift */,
			);
			path = DI;
			sourceTree = "<group>";
		};
		901BF9742C29804A00C02FF9 = {
			isa = PBXGroup;
			children = (
				1F9385762DE228D50093725C /* Localizable.strings */,
				51675E272CA2F0E800D8D08F /* Secrets.xcconfig */,
				901BF97F2C29804A00C02FF9 /* DancingMarker */,
				90A4722D2C450837008577A2 /* Manager */,
				901BF9932C29809900C02FF9 /* WatchDancingMarker Watch App */,
				901BF97E2C29804A00C02FF9 /* Products */,
				90A472282C45080D008577A2 /* Frameworks */,
			);
			sourceTree = "<group>";
		};
		901BF97E2C29804A00C02FF9 /* Products */ = {
			isa = PBXGroup;
			children = (
				901BF97D2C29804A00C02FF9 /* DancingMarker.app */,
				901BF9922C29809900C02FF9 /* WatchDancingMarker Watch App.app */,
			);
			name = Products;
			sourceTree = "<group>";
		};
		901BF97F2C29804A00C02FF9 /* DancingMarker */ = {
			isa = PBXGroup;
			children = (
				518D7F022CA2E24100612544 /* Application */,
				51CD44DA2DFB400900BC8EDF /* DI */,
				512CED472DF08C1E001A800B /* Protocols */,
				90E28F552C2D092E009098BE /* NavigationManager.swift */,
				512CEE5B2DF0927A001A800B /* Services */,
				518D7F042CA2E27B00612544 /* View */,
				518D7F032CA2E26100612544 /* ViewModel */,
				51CAA1042C392B2500406BB8 /* Models */,
				51FD01772C3BC6B1003F99B5 /* Info.plist */,
				512224BE2D8C682E00AABC82 /* Extensions */,
				513303FF2C4CD65400CC5F22 /* Resource */,
				901BF9862C29804B00C02FF9 /* Preview Content */,
			);
			path = DancingMarker;
			sourceTree = "<group>";
		};
		901BF9862C29804B00C02FF9 /* Preview Content */ = {
			isa = PBXGroup;
			children = (
				901BF9872C29804B00C02FF9 /* Preview Assets.xcassets */,
			);
			path = "Preview Content";
			sourceTree = "<group>";
		};
		901BF9932C29809900C02FF9 /* WatchDancingMarker Watch App */ = {
			isa = PBXGroup;
			children = (
				5149F3A22E43A1C800482C2A /* Protocols */,
				5149F3A12E43A1A100482C2A /* Services */,
				510D90152CA2F1A7002E82CC /* Application */,
				1FA811842D53398B004B4807 /* Common */,
				518D7F012CA2E1D700612544 /* ViewModel */,
				901BF9B72C2A5F5D00C02FF9 /* View */,
				518D7F162CA2E52700612544 /* Resource */,
				90A542372C6E1F0100B0F694 /* WatchDancingMarker-Watch-App-Info.plist */,
				901BF99A2C29809A00C02FF9 /* Preview Content */,
			);
			path = "WatchDancingMarker Watch App";
			sourceTree = "<group>";
		};
		901BF99A2C29809A00C02FF9 /* Preview Content */ = {
			isa = PBXGroup;
			children = (
				901BF99B2C29809A00C02FF9 /* Preview Assets.xcassets */,
			);
			path = "Preview Content";
			sourceTree = "<group>";
		};
		901BF9B72C2A5F5D00C02FF9 /* View */ = {
			isa = PBXGroup;
			children = (
				510D90252CA2F1C0002E82CC /* WatchMain */,
				510D90202CA2F1C0002E82CC /* WatchPlaying */,
				510D90192CA2F1C0002E82CC /* WatchMarkerList */,
			);
			path = View;
			sourceTree = "<group>";
		};
		90A472282C45080D008577A2 /* Frameworks */ = {
			isa = PBXGroup;
			children = (
				90A4722B2C450825008577A2 /* WatchConnectivity.framework */,
				90A472292C45080D008577A2 /* WatchConnectivity.framework */,
			);
			name = Frameworks;
			sourceTree = "<group>";
		};
		90A4722D2C450837008577A2 /* Manager */ = {
			isa = PBXGroup;
			children = (
				90A4722E2C450867008577A2 /* WCManager.swift */,
			);
			path = Manager;
			sourceTree = "<group>";
		};
/* End PBXGroup section */

/* Begin PBXNativeTarget section */
		901BF97C2C29804A00C02FF9 /* DancingMarker */ = {
			isa = PBXNativeTarget;
			buildConfigurationList = 901BF98B2C29804B00C02FF9 /* Build configuration list for PBXNativeTarget "DancingMarker" */;
			buildPhases = (
				901BF9792C29804A00C02FF9 /* Sources */,
				901BF97A2C29804A00C02FF9 /* Frameworks */,
				901BF97B2C29804A00C02FF9 /* Resources */,
				901BF9A32C29809A00C02FF9 /* Embed Watch Content */,
			);
			buildRules = (
			);
			dependencies = (
				901BF99E2C29809A00C02FF9 /* PBXTargetDependency */,
			);
			name = DancingMarker;
			packageProductDependencies = (
				1FA08BA92C8208B10082C266 /* Mixpanel */,
			);
			productName = DancingMarker;
			productReference = 901BF97D2C29804A00C02FF9 /* DancingMarker.app */;
			productType = "com.apple.product-type.application";
		};
		901BF9912C29809900C02FF9 /* WatchDancingMarker Watch App */ = {
			isa = PBXNativeTarget;
			buildConfigurationList = 901BF9A02C29809A00C02FF9 /* Build configuration list for PBXNativeTarget "WatchDancingMarker Watch App" */;
			buildPhases = (
				901BF98E2C29809900C02FF9 /* Sources */,
				901BF98F2C29809900C02FF9 /* Frameworks */,
				901BF9902C29809900C02FF9 /* Resources */,
			);
			buildRules = (
			);
			dependencies = (
			);
			name = "WatchDancingMarker Watch App";
			packageProductDependencies = (
				1F3EEBC82C8207F600926178 /* Mixpanel */,
			);
			productName = "WatchDancingMarker Watch App";
			productReference = 901BF9922C29809900C02FF9 /* WatchDancingMarker Watch App.app */;
			productType = "com.apple.product-type.application";
		};
/* End PBXNativeTarget section */

/* Begin PBXProject section */
		901BF9752C29804A00C02FF9 /* Project object */ = {
			isa = PBXProject;
			attributes = {
				BuildIndependentTargetsInParallel = 1;
				LastSwiftUpdateCheck = 1530;
				LastUpgradeCheck = 2600;
				TargetAttributes = {
					901BF97C2C29804A00C02FF9 = {
						CreatedOnToolsVersion = 15.3;
					};
					901BF9912C29809900C02FF9 = {
						CreatedOnToolsVersion = 15.3;
					};
				};
			};
			buildConfigurationList = 901BF9782C29804A00C02FF9 /* Build configuration list for PBXProject "DancingMarker" */;
			compatibilityVersion = "Xcode 14.0";
			developmentRegion = en;
			hasScannedForEncodings = 0;
			knownRegions = (
				en,
				Base,
				ko,
				ja,
			);
			mainGroup = 901BF9742C29804A00C02FF9;
			packageReferences = (
				1F8E41EF2C8207C00013680B /* XCRemoteSwiftPackageReference "mixpanel-swift" */,
			);
			productRefGroup = 901BF97E2C29804A00C02FF9 /* Products */;
			projectDirPath = "";
			projectRoot = "";
			targets = (
				901BF97C2C29804A00C02FF9 /* DancingMarker */,
				901BF9912C29809900C02FF9 /* WatchDancingMarker Watch App */,
			);
		};
/* End PBXProject section */

/* Begin PBXResourcesBuildPhase section */
		901BF97B2C29804A00C02FF9 /* Resources */ = {
			isa = PBXResourcesBuildPhase;
			buildActionMask = 2147483647;
			files = (
				901BF9882C29804B00C02FF9 /* Preview Assets.xcassets in Resources */,
				1F9385782DE228D50093725C /* Localizable.strings in Resources */,
				1F32F5852C84835300D851E6 /* WatchDancingMarker-Watch-App-Info.plist in Resources */,
				90A542362C6E1ECC00B0F694 /* Assets.xcassets in Resources */,
				901BF9852C29804B00C02FF9 /* Assets.xcassets in Resources */,
			);
			runOnlyForDeploymentPostprocessing = 0;
		};
		901BF9902C29809900C02FF9 /* Resources */ = {
			isa = PBXResourcesBuildPhase;
			buildActionMask = 2147483647;
			files = (
				901BF99C2C29809A00C02FF9 /* Preview Assets.xcassets in Resources */,
				1F9385792DE228D50093725C /* Localizable.strings in Resources */,
				1F18C8A12C5679A3003972E3 /* Assets.xcassets in Resources */,
				901BF9992C29809A00C02FF9 /* Assets.xcassets in Resources */,
			);
			runOnlyForDeploymentPostprocessing = 0;
		};
/* End PBXResourcesBuildPhase section */

/* Begin PBXSourcesBuildPhase section */
		901BF9792C29804A00C02FF9 /* Sources */ = {
			isa = PBXSourcesBuildPhase;
			buildActionMask = 2147483647;
			files = (
				51CD44DC2DFB402500BC8EDF /* DependencyContainer.swift in Sources */,
				510D90312CA2F1C8002E82CC /* PlayingView.swift in Sources */,
				514F1E2A2E3C9C2100690DB5 /* MusicInfoView.swift in Sources */,
				516D95502D533F5D00AA8EAA /* TextMarquee.swift in Sources */,
				512CEE632DF09BF9001A800B /* LiveActivityService.swift in Sources */,
				512CED4C2DF08EAF001A800B /* AudioPlayable.swift in Sources */,
				510D90352CA2F1C8002E82CC /* ContentView.swift in Sources */,
				514F1E342E3C9FE200690DB5 /* AddMarkerButton.swift in Sources */,
				512CEE652DF12BF0001A800B /* DataRepository.swift in Sources */,
				514F1E462E3CC0EE00690DB5 /* MusicListItem.swift in Sources */,
				512CEE692DF12E06001A800B /* MusicData.swift in Sources */,
				514F1E362E3C9FFE00690DB5 /* MarkerButton.swift in Sources */,
				512CEE5D2DF092A8001A800B /* AudioService.swift in Sources */,
				5131FFF52E0640540049E281 /* PlayerViewModel+LiveActivity.swift in Sources */,
				514F1E422E3CB58200690DB5 /* SaveButton.swift in Sources */,
				51CD43CA2DFB327900BC8EDF /* PlayerViewModel.swift in Sources */,
				51CD44D72DFB3B6A00BC8EDF /* PlayerViewModel+Timer.swift in Sources */,
				514F1E482E3CC12400690DB5 /* URL+Unique.swift in Sources */,
				512CED4A2DF08E59001A800B /* Errors.swift in Sources */,
				510D902B2CA2F1C8002E82CC /* MusicEditView.swift in Sources */,
				514F1E3A2E3CA06600690DB5 /* MarkerListView.swift in Sources */,
				510D902C2CA2F1C8002E82CC /* MusicListView.swift in Sources */,
				510D902D2CA2F1C8002E82CC /* NowPlayingView.swift in Sources */,
				512224C22D8C68D100AABC82 /* SelectGalleryView.swift in Sources */,
				901BF9812C29804A00C02FF9 /* DancingMarkerApp.swift in Sources */,
				514F1E2C2E3C9DD100690DB5 /* SpeedControlView.swift in Sources */,
				51CD44D52DFB35A800BC8EDF /* PlayerViewModel+Audio.swift in Sources */,
				512224C02D8C685E00AABC82 /* UIImage+.swift in Sources */,
				5131FFF12E061A670049E281 /* PlayerViewModel+Watch.swift in Sources */,
				90A4722F2C450867008577A2 /* WCManager.swift in Sources */,
				514F1E402E3CB55D00690DB5 /* MusicTextFiedlEditor.swift in Sources */,
				512CED4E2DF08EC6001A800B /* MarkerManageable.swift in Sources */,
				512CED522DF08EDF001A800B /* ControlCenterManageable.swift in Sources */,
				514F1E3E2E3CB52000690DB5 /* AlbumArtEditor.swift in Sources */,
				5104B7F62C3D67F2008E10E8 /* Music.swift in Sources */,
				512CED502DF08ED3001A800B /* WatchConnectivityManageable.swift in Sources */,
				514F1E302E3C9E3C00690DB5 /* ProgressSliderView.swift in Sources */,
				512CEE5F2DF093FC001A800B /* MarkerService.swift in Sources */,
				51C47D9E2E471B8B00E68154 /* View+LiquidGlass.swift in Sources */,
				512CEE612DF0991C001A800B /* WatchService.swift in Sources */,
				51EF633C2D99716400967EC8 /* View+.swift in Sources */,
				5131FFEF2E0618210049E281 /* PlayerViewModel+Marker.swift in Sources */,
				512CEE6D2DF12F65001A800B /* MusicCoreData.xcdatamodeld in Sources */,
				90E28F562C2D092E009098BE /* NavigationManager.swift in Sources */,
				514F1E2E2E3C9E0400690DB5 /* PlaybackControlsView.swift in Sources */,
			);
			runOnlyForDeploymentPostprocessing = 0;
		};
		901BF98E2C29809900C02FF9 /* Sources */ = {
			isa = PBXSourcesBuildPhase;
			buildActionMask = 2147483647;
			files = (
				510FA4412E43B52B00287EAD /* WatchSyncable.swift in Sources */,
				510FA43B2E43AB3A00287EAD /* WatchViewModel+Data.swift in Sources */,
				510FA4492E43B57900287EAD /* WatchTimerable.swift in Sources */,
				512CEE682DF12E06001A800B /* MusicData.swift in Sources */,
				90A472322C450AB6008577A2 /* WCManager.swift in Sources */,
				902077062C458ABB00988D2B /* WatchViewModel.swift in Sources */,
				510FA43F2E43ABB100287EAD /* WatchViewModel+Timer.swift in Sources */,
				51C107262E41ED9700999C0B /* WatchMusicTimeDisplay.swift in Sources */,
				5149F3A62E43A40E00482C2A /* WatchCommunicationService.swift in Sources */,
				1FA811892D534029004B4807 /* MarkerResetAlert.swift in Sources */,
				510D90262CA2F1C0002E82CC /* WatchMusicListView.swift in Sources */,
				51C107242E41ED6900999C0B /* WatchMusicInfoHeader.swift in Sources */,
				510FA43D2E43AB8E00287EAD /* WatchViewModel+Sync.swift in Sources */,
				510FA4452E43B55500287EAD /* WatchDataManageable.swift in Sources */,
				51447EF62E41E70900ED1669 /* WatchMusicGrid.swift in Sources */,
				51447EF42E41E6EF00ED1669 /* WatchEmptyMusicView.swift in Sources */,
				512CED492DF08E59001A800B /* Errors.swift in Sources */,
				51427B862E4884EC00256AF2 /* View+LiquidGlass.swift in Sources */,
				510FA4392E43AB2200287EAD /* WatchViewModel+Communication.swift in Sources */,
				510D901A2CA2F1C0002E82CC /* WatchMarkerDetailView.swift in Sources */,
				510FA4472E43B56500287EAD /* WatchDataService.swift in Sources */,
				510FA4432E43B54200287EAD /* WatchSyncService.swift in Sources */,
				510D901C2CA2F1C0002E82CC /* WatchMarkerListView.swift in Sources */,
				510FA44B2E43B59400287EAD /* WatchTimerService.swift in Sources */,
				5104B7F82C3D6C3F008E10E8 /* Music.swift in Sources */,
				51447EF82E41E74100ED1669 /* WatchPlayingIndicator.swift in Sources */,
				90A472312C450A68008577A2 /* WatchDancingMarkerApp.swift in Sources */,
				5149F3A42E43A3EE00482C2A /* WatchCommunicatable.swift in Sources */,
				901BF9B62C2A533200C02FF9 /* WatchNavigationManager.swift in Sources */,
				1FA811862D533EC5004B4807 /* CommonButtonStyle.swift in Sources */,
				510D90212CA2F1C0002E82CC /* WatchPlayingMarkerView.swift in Sources */,
				510D90222CA2F1C0002E82CC /* WatchPlayingSpeedView.swift in Sources */,
				512CEE6C2DF12F65001A800B /* MusicCoreData.xcdatamodeld in Sources */,
				51C107222E41ED1900999C0B /* WatchPlaybackControls.swift in Sources */,
				510D90232CA2F1C0002E82CC /* WatchPlayingView.swift in Sources */,
			);
			runOnlyForDeploymentPostprocessing = 0;
		};
/* End PBXSourcesBuildPhase section */

/* Begin PBXTargetDependency section */
		901BF99E2C29809A00C02FF9 /* PBXTargetDependency */ = {
			isa = PBXTargetDependency;
			target = 901BF9912C29809900C02FF9 /* WatchDancingMarker Watch App */;
			targetProxy = 901BF99D2C29809A00C02FF9 /* PBXContainerItemProxy */;
		};
/* End PBXTargetDependency section */

/* Begin PBXVariantGroup section */
		1F9385762DE228D50093725C /* Localizable.strings */ = {
			isa = PBXVariantGroup;
			children = (
				1F9385772DE228D50093725C /* en */,
				1F93857A2DE2294B0093725C /* ko */,
				1F0157E82DE4AA0B009D88DD /* ja */,
			);
			name = Localizable.strings;
			sourceTree = "<group>";
		};
/* End PBXVariantGroup section */

/* Begin XCBuildConfiguration section */
		901BF9892C29804B00C02FF9 /* Debug */ = {
			isa = XCBuildConfiguration;
			baseConfigurationReference = 51675E272CA2F0E800D8D08F /* Secrets.xcconfig */;
			buildSettings = {
				ALWAYS_SEARCH_USER_PATHS = NO;
				ASSETCATALOG_COMPILER_GENERATE_SWIFT_ASSET_SYMBOL_EXTENSIONS = YES;
				CLANG_ANALYZER_LOCALIZABILITY_NONLOCALIZED = YES;
				CLANG_ANALYZER_NONNULL = YES;
				CLANG_ANALYZER_NUMBER_OBJECT_CONVERSION = YES_AGGRESSIVE;
				CLANG_CXX_LANGUAGE_STANDARD = "gnu++20";
				CLANG_ENABLE_MODULES = YES;
				CLANG_ENABLE_OBJC_ARC = YES;
				CLANG_ENABLE_OBJC_WEAK = YES;
				CLANG_WARN_BLOCK_CAPTURE_AUTORELEASING = YES;
				CLANG_WARN_BOOL_CONVERSION = YES;
				CLANG_WARN_COMMA = YES;
				CLANG_WARN_CONSTANT_CONVERSION = YES;
				CLANG_WARN_DEPRECATED_OBJC_IMPLEMENTATIONS = YES;
				CLANG_WARN_DIRECT_OBJC_ISA_USAGE = YES_ERROR;
				CLANG_WARN_DOCUMENTATION_COMMENTS = YES;
				CLANG_WARN_EMPTY_BODY = YES;
				CLANG_WARN_ENUM_CONVERSION = YES;
				CLANG_WARN_INFINITE_RECURSION = YES;
				CLANG_WARN_INT_CONVERSION = YES;
				CLANG_WARN_NON_LITERAL_NULL_CONVERSION = YES;
				CLANG_WARN_OBJC_IMPLICIT_RETAIN_SELF = YES;
				CLANG_WARN_OBJC_LITERAL_CONVERSION = YES;
				CLANG_WARN_OBJC_ROOT_CLASS = YES_ERROR;
				CLANG_WARN_QUOTED_INCLUDE_IN_FRAMEWORK_HEADER = YES;
				CLANG_WARN_RANGE_LOOP_ANALYSIS = YES;
				CLANG_WARN_STRICT_PROTOTYPES = YES;
				CLANG_WARN_SUSPICIOUS_MOVE = YES;
				CLANG_WARN_UNGUARDED_AVAILABILITY = YES_AGGRESSIVE;
				CLANG_WARN_UNREACHABLE_CODE = YES;
				CLANG_WARN__DUPLICATE_METHOD_MATCH = YES;
				COPY_PHASE_STRIP = NO;
				DEBUG_INFORMATION_FORMAT = dwarf;
				DEVELOPMENT_TEAM = 2U3B7G3F2A;
				ENABLE_STRICT_OBJC_MSGSEND = YES;
				ENABLE_TESTABILITY = YES;
				ENABLE_USER_SCRIPT_SANDBOXING = YES;
				GCC_C_LANGUAGE_STANDARD = gnu17;
				GCC_DYNAMIC_NO_PIC = NO;
				GCC_NO_COMMON_BLOCKS = YES;
				GCC_OPTIMIZATION_LEVEL = 0;
				GCC_PREPROCESSOR_DEFINITIONS = (
					"DEBUG=1",
					"$(inherited)",
				);
				GCC_WARN_64_TO_32_BIT_CONVERSION = YES;
				GCC_WARN_ABOUT_RETURN_TYPE = YES_ERROR;
				GCC_WARN_UNDECLARED_SELECTOR = YES;
				GCC_WARN_UNINITIALIZED_AUTOS = YES_AGGRESSIVE;
				GCC_WARN_UNUSED_FUNCTION = YES;
				GCC_WARN_UNUSED_VARIABLE = YES;
				IPHONEOS_DEPLOYMENT_TARGET = 17.4;
				LOCALIZATION_PREFERS_STRING_CATALOGS = YES;
				MTL_ENABLE_DEBUG_INFO = INCLUDE_SOURCE;
				MTL_FAST_MATH = YES;
				ONLY_ACTIVE_ARCH = YES;
				SDKROOT = iphoneos;
				STRING_CATALOG_GENERATE_SYMBOLS = YES;
				SWIFT_ACTIVE_COMPILATION_CONDITIONS = "DEBUG $(inherited)";
				SWIFT_OPTIMIZATION_LEVEL = "-Onone";
			};
			name = Debug;
		};
		901BF98A2C29804B00C02FF9 /* Release */ = {
			isa = XCBuildConfiguration;
			baseConfigurationReference = 51675E272CA2F0E800D8D08F /* Secrets.xcconfig */;
			buildSettings = {
				ALWAYS_SEARCH_USER_PATHS = NO;
				ASSETCATALOG_COMPILER_GENERATE_SWIFT_ASSET_SYMBOL_EXTENSIONS = YES;
				CLANG_ANALYZER_LOCALIZABILITY_NONLOCALIZED = YES;
				CLANG_ANALYZER_NONNULL = YES;
				CLANG_ANALYZER_NUMBER_OBJECT_CONVERSION = YES_AGGRESSIVE;
				CLANG_CXX_LANGUAGE_STANDARD = "gnu++20";
				CLANG_ENABLE_MODULES = YES;
				CLANG_ENABLE_OBJC_ARC = YES;
				CLANG_ENABLE_OBJC_WEAK = YES;
				CLANG_WARN_BLOCK_CAPTURE_AUTORELEASING = YES;
				CLANG_WARN_BOOL_CONVERSION = YES;
				CLANG_WARN_COMMA = YES;
				CLANG_WARN_CONSTANT_CONVERSION = YES;
				CLANG_WARN_DEPRECATED_OBJC_IMPLEMENTATIONS = YES;
				CLANG_WARN_DIRECT_OBJC_ISA_USAGE = YES_ERROR;
				CLANG_WARN_DOCUMENTATION_COMMENTS = YES;
				CLANG_WARN_EMPTY_BODY = YES;
				CLANG_WARN_ENUM_CONVERSION = YES;
				CLANG_WARN_INFINITE_RECURSION = YES;
				CLANG_WARN_INT_CONVERSION = YES;
				CLANG_WARN_NON_LITERAL_NULL_CONVERSION = YES;
				CLANG_WARN_OBJC_IMPLICIT_RETAIN_SELF = YES;
				CLANG_WARN_OBJC_LITERAL_CONVERSION = YES;
				CLANG_WARN_OBJC_ROOT_CLASS = YES_ERROR;
				CLANG_WARN_QUOTED_INCLUDE_IN_FRAMEWORK_HEADER = YES;
				CLANG_WARN_RANGE_LOOP_ANALYSIS = YES;
				CLANG_WARN_STRICT_PROTOTYPES = YES;
				CLANG_WARN_SUSPICIOUS_MOVE = YES;
				CLANG_WARN_UNGUARDED_AVAILABILITY = YES_AGGRESSIVE;
				CLANG_WARN_UNREACHABLE_CODE = YES;
				CLANG_WARN__DUPLICATE_METHOD_MATCH = YES;
				COPY_PHASE_STRIP = NO;
				DEBUG_INFORMATION_FORMAT = "dwarf-with-dsym";
				DEVELOPMENT_TEAM = 2U3B7G3F2A;
				ENABLE_NS_ASSERTIONS = NO;
				ENABLE_STRICT_OBJC_MSGSEND = YES;
				ENABLE_USER_SCRIPT_SANDBOXING = YES;
				GCC_C_LANGUAGE_STANDARD = gnu17;
				GCC_NO_COMMON_BLOCKS = YES;
				GCC_WARN_64_TO_32_BIT_CONVERSION = YES;
				GCC_WARN_ABOUT_RETURN_TYPE = YES_ERROR;
				GCC_WARN_UNDECLARED_SELECTOR = YES;
				GCC_WARN_UNINITIALIZED_AUTOS = YES_AGGRESSIVE;
				GCC_WARN_UNUSED_FUNCTION = YES;
				GCC_WARN_UNUSED_VARIABLE = YES;
				IPHONEOS_DEPLOYMENT_TARGET = 17.4;
				LOCALIZATION_PREFERS_STRING_CATALOGS = YES;
				MTL_ENABLE_DEBUG_INFO = NO;
				MTL_FAST_MATH = YES;
				SDKROOT = iphoneos;
				STRING_CATALOG_GENERATE_SYMBOLS = YES;
				SWIFT_COMPILATION_MODE = wholemodule;
				VALIDATE_PRODUCT = YES;
			};
			name = Release;
		};
		901BF98C2C29804B00C02FF9 /* Debug */ = {
			isa = XCBuildConfiguration;
			baseConfigurationReference = 51675E272CA2F0E800D8D08F /* Secrets.xcconfig */;
			buildSettings = {
				ASSETCATALOG_COMPILER_APPICON_NAME = AppIcon;
				ASSETCATALOG_COMPILER_GLOBAL_ACCENT_COLOR_NAME = AccentColor;
				CODE_SIGN_IDENTITY = "Apple Development";
				CODE_SIGN_STYLE = Automatic;
				CURRENT_PROJECT_VERSION = 23;
				DEVELOPMENT_ASSET_PATHS = "\"DancingMarker/Preview Content\"";
				ENABLE_PREVIEWS = YES;
				GENERATE_INFOPLIST_FILE = YES;
				INFOPLIST_FILE = DancingMarker/Info.plist;
				INFOPLIST_KEY_CFBundleDisplayName = "Music Marker";
				INFOPLIST_KEY_LSApplicationCategoryType = "public.app-category.music";
				INFOPLIST_KEY_NSDocumentsFolderUsageDescription = "음원 파일을 읽어오기 위해 권한이 필요합니다.";
				INFOPLIST_KEY_NSDownloadsFolderUsageDescription = "다운로드 파일을 읽어오기 위해 권한이 필요합니다.";
				INFOPLIST_KEY_NSFileProviderDomainUsageDescription = "음원 파일 접근";
				INFOPLIST_KEY_UIApplicationSceneManifest_Generation = YES;
				INFOPLIST_KEY_UIApplicationSupportsIndirectInputEvents = YES;
				INFOPLIST_KEY_UILaunchScreen_Generation = YES;
				INFOPLIST_KEY_UISupportedInterfaceOrientations = UIInterfaceOrientationPortrait;
				INFOPLIST_KEY_UISupportedInterfaceOrientations_iPad = "UIInterfaceOrientationLandscapeLeft UIInterfaceOrientationLandscapeRight UIInterfaceOrientationPortrait UIInterfaceOrientationPortraitUpsideDown";
				INFOPLIST_KEY_UIUserInterfaceStyle = Dark;
				IPHONEOS_DEPLOYMENT_TARGET = 17.4;
				LD_RUNPATH_SEARCH_PATHS = (
					"$(inherited)",
					"@executable_path/Frameworks",
				);
				MARKETING_VERSION = 1.4.0;
				PRODUCT_BUNDLE_IDENTIFIER = com.test.DancingMarker;
				PRODUCT_NAME = "$(TARGET_NAME)";
				PROVISIONING_PROFILE_SPECIFIER = "";
				SUPPORTED_PLATFORMS = "iphoneos iphonesimulator";
				SUPPORTS_MACCATALYST = NO;
				SUPPORTS_MAC_DESIGNED_FOR_IPHONE_IPAD = NO;
				SUPPORTS_XR_DESIGNED_FOR_IPHONE_IPAD = NO;
				SWIFT_EMIT_LOC_STRINGS = YES;
				SWIFT_VERSION = 5.0;
				TARGETED_DEVICE_FAMILY = 1;
			};
			name = Debug;
		};
		901BF98D2C29804B00C02FF9 /* Release */ = {
			isa = XCBuildConfiguration;
			baseConfigurationReference = 51675E272CA2F0E800D8D08F /* Secrets.xcconfig */;
			buildSettings = {
				ASSETCATALOG_COMPILER_APPICON_NAME = AppIcon;
				ASSETCATALOG_COMPILER_GLOBAL_ACCENT_COLOR_NAME = AccentColor;
				CODE_SIGN_IDENTITY = "Apple Development";
				CODE_SIGN_STYLE = Automatic;
				CURRENT_PROJECT_VERSION = 23;
				DEVELOPMENT_ASSET_PATHS = "\"DancingMarker/Preview Content\"";
				ENABLE_PREVIEWS = YES;
				GENERATE_INFOPLIST_FILE = YES;
				INFOPLIST_FILE = DancingMarker/Info.plist;
				INFOPLIST_KEY_CFBundleDisplayName = "Music Marker";
				INFOPLIST_KEY_LSApplicationCategoryType = "public.app-category.music";
				INFOPLIST_KEY_NSDocumentsFolderUsageDescription = "음원 파일을 읽어오기 위해 권한이 필요합니다.";
				INFOPLIST_KEY_NSDownloadsFolderUsageDescription = "다운로드 파일을 읽어오기 위해 권한이 필요합니다.";
				INFOPLIST_KEY_NSFileProviderDomainUsageDescription = "음원 파일 접근";
				INFOPLIST_KEY_UIApplicationSceneManifest_Generation = YES;
				INFOPLIST_KEY_UIApplicationSupportsIndirectInputEvents = YES;
				INFOPLIST_KEY_UILaunchScreen_Generation = YES;
				INFOPLIST_KEY_UISupportedInterfaceOrientations = UIInterfaceOrientationPortrait;
				INFOPLIST_KEY_UISupportedInterfaceOrientations_iPad = "UIInterfaceOrientationLandscapeLeft UIInterfaceOrientationLandscapeRight UIInterfaceOrientationPortrait UIInterfaceOrientationPortraitUpsideDown";
				INFOPLIST_KEY_UIUserInterfaceStyle = Dark;
				IPHONEOS_DEPLOYMENT_TARGET = 17.4;
				LD_RUNPATH_SEARCH_PATHS = (
					"$(inherited)",
					"@executable_path/Frameworks",
				);
				MARKETING_VERSION = 1.4.0;
				PRODUCT_BUNDLE_IDENTIFIER = com.test.DancingMarker;
				PRODUCT_NAME = "$(TARGET_NAME)";
				SUPPORTED_PLATFORMS = "iphoneos iphonesimulator";
				SUPPORTS_MACCATALYST = NO;
				SUPPORTS_MAC_DESIGNED_FOR_IPHONE_IPAD = NO;
				SUPPORTS_XR_DESIGNED_FOR_IPHONE_IPAD = NO;
				SWIFT_EMIT_LOC_STRINGS = YES;
				SWIFT_VERSION = 5.0;
				TARGETED_DEVICE_FAMILY = 1;
			};
			name = Release;
		};
		901BF9A12C29809A00C02FF9 /* Debug */ = {
			isa = XCBuildConfiguration;
			baseConfigurationReference = 51675E272CA2F0E800D8D08F /* Secrets.xcconfig */;
			buildSettings = {
				ASSETCATALOG_COMPILER_APPICON_NAME = AppIcon;
				ASSETCATALOG_COMPILER_GLOBAL_ACCENT_COLOR_NAME = AccentColor;
				CODE_SIGN_IDENTITY = "Apple Development";
				CODE_SIGN_STYLE = Automatic;
				CURRENT_PROJECT_VERSION = 23;
				DEVELOPMENT_ASSET_PATHS = "\"WatchDancingMarker Watch App/Preview Content\"";
				ENABLE_PREVIEWS = YES;
				GENERATE_INFOPLIST_FILE = YES;
				INFOPLIST_FILE = "WatchDancingMarker-Watch-App-Info.plist";
				INFOPLIST_KEY_CFBundleDisplayName = "Music Marker";
				INFOPLIST_KEY_UISupportedInterfaceOrientations = "UIInterfaceOrientationPortrait UIInterfaceOrientationPortraitUpsideDown";
				INFOPLIST_KEY_WKCompanionAppBundleIdentifier = com.test.DancingMarker;
				INFOPLIST_KEY_WKRunsIndependentlyOfCompanionApp = NO;
				LD_RUNPATH_SEARCH_PATHS = (
					"$(inherited)",
					"@executable_path/Frameworks",
				);
				MARKETING_VERSION = 1.4.0;
				PRODUCT_BUNDLE_IDENTIFIER = com.test.DancingMarker.watchkitapp;
				PRODUCT_NAME = "$(TARGET_NAME)";
				PROVISIONING_PROFILE_SPECIFIER = "";
				SDKROOT = watchos;
				SKIP_INSTALL = YES;
				SWIFT_EMIT_LOC_STRINGS = YES;
				SWIFT_VERSION = 5.0;
				TARGETED_DEVICE_FAMILY = 4;
				WATCHOS_DEPLOYMENT_TARGET = 10.4;
			};
			name = Debug;
		};
		901BF9A22C29809A00C02FF9 /* Release */ = {
			isa = XCBuildConfiguration;
			baseConfigurationReference = 51675E272CA2F0E800D8D08F /* Secrets.xcconfig */;
			buildSettings = {
				ASSETCATALOG_COMPILER_APPICON_NAME = AppIcon;
				ASSETCATALOG_COMPILER_GLOBAL_ACCENT_COLOR_NAME = AccentColor;
				CODE_SIGN_STYLE = Automatic;
				CURRENT_PROJECT_VERSION = 23;
				DEVELOPMENT_ASSET_PATHS = "\"WatchDancingMarker Watch App/Preview Content\"";
				ENABLE_PREVIEWS = YES;
				GENERATE_INFOPLIST_FILE = YES;
				INFOPLIST_FILE = "WatchDancingMarker-Watch-App-Info.plist";
				INFOPLIST_KEY_CFBundleDisplayName = "Music Marker";
				INFOPLIST_KEY_UISupportedInterfaceOrientations = "UIInterfaceOrientationPortrait UIInterfaceOrientationPortraitUpsideDown";
				INFOPLIST_KEY_WKCompanionAppBundleIdentifier = com.test.DancingMarker;
				INFOPLIST_KEY_WKRunsIndependentlyOfCompanionApp = NO;
				LD_RUNPATH_SEARCH_PATHS = (
					"$(inherited)",
					"@executable_path/Frameworks",
				);
				MARKETING_VERSION = 1.4.0;
				PRODUCT_BUNDLE_IDENTIFIER = com.test.DancingMarker.watchkitapp;
				PRODUCT_NAME = "$(TARGET_NAME)";
				SDKROOT = watchos;
				SKIP_INSTALL = YES;
				SWIFT_EMIT_LOC_STRINGS = YES;
				SWIFT_VERSION = 5.0;
				TARGETED_DEVICE_FAMILY = 4;
				WATCHOS_DEPLOYMENT_TARGET = 10.4;
			};
			name = Release;
		};
/* End XCBuildConfiguration section */

/* Begin XCConfigurationList section */
		901BF9782C29804A00C02FF9 /* Build configuration list for PBXProject "DancingMarker" */ = {
			isa = XCConfigurationList;
			buildConfigurations = (
				901BF9892C29804B00C02FF9 /* Debug */,
				901BF98A2C29804B00C02FF9 /* Release */,
			);
			defaultConfigurationIsVisible = 0;
			defaultConfigurationName = Release;
		};
		901BF98B2C29804B00C02FF9 /* Build configuration list for PBXNativeTarget "DancingMarker" */ = {
			isa = XCConfigurationList;
			buildConfigurations = (
				901BF98C2C29804B00C02FF9 /* Debug */,
				901BF98D2C29804B00C02FF9 /* Release */,
			);
			defaultConfigurationIsVisible = 0;
			defaultConfigurationName = Release;
		};
		901BF9A02C29809A00C02FF9 /* Build configuration list for PBXNativeTarget "WatchDancingMarker Watch App" */ = {
			isa = XCConfigurationList;
			buildConfigurations = (
				901BF9A12C29809A00C02FF9 /* Debug */,
				901BF9A22C29809A00C02FF9 /* Release */,
			);
			defaultConfigurationIsVisible = 0;
			defaultConfigurationName = Release;
		};
/* End XCConfigurationList section */

/* Begin XCRemoteSwiftPackageReference section */
		1F8E41EF2C8207C00013680B /* XCRemoteSwiftPackageReference "mixpanel-swift" */ = {
			isa = XCRemoteSwiftPackageReference;
			repositoryURL = "https://github.com/mixpanel/mixpanel-swift";
			requirement = {
				branch = master;
				kind = branch;
			};
		};
/* End XCRemoteSwiftPackageReference section */

/* Begin XCSwiftPackageProductDependency section */
		1F3EEBC82C8207F600926178 /* Mixpanel */ = {
			isa = XCSwiftPackageProductDependency;
			package = 1F8E41EF2C8207C00013680B /* XCRemoteSwiftPackageReference "mixpanel-swift" */;
			productName = Mixpanel;
		};
		1FA08BA92C8208B10082C266 /* Mixpanel */ = {
			isa = XCSwiftPackageProductDependency;
			package = 1F8E41EF2C8207C00013680B /* XCRemoteSwiftPackageReference "mixpanel-swift" */;
			productName = Mixpanel;
		};
/* End XCSwiftPackageProductDependency section */

/* Begin XCVersionGroup section */
		512CEE6A2DF12F65001A800B /* MusicCoreData.xcdatamodeld */ = {
			isa = XCVersionGroup;
			children = (
				512CEE6B2DF12F65001A800B /* MusicCoreData.xcdatamodel */,
			);
			currentVersion = 512CEE6B2DF12F65001A800B /* MusicCoreData.xcdatamodel */;
			path = MusicCoreData.xcdatamodeld;
			sourceTree = "<group>";
			versionGroupType = wrapper.xcdatamodel;
		};
/* End XCVersionGroup section */
	};
	rootObject = 901BF9752C29804A00C02FF9 /* Project object */;
}
